// !$*UTF8*$!
{
	archiveVersion = 1;
	classes = {
	};
	objectVersion = 56;
	objects = {

/* Begin PBXBuildFile section */
		E934673E293D3FE2008734C7 /* UIViewControllerExt.swift in Sources */ = {isa = PBXBuildFile; fileRef = E934673D293D3FE2008734C7 /* UIViewControllerExt.swift */; };
		E9AE45A9294552B900162361 /* UIButtonExt.swift in Sources */ = {isa = PBXBuildFile; fileRef = E9AE45A8294552B900162361 /* UIButtonExt.swift */; };
		E9AE45AB29466FDD00162361 /* FinishGoalVC.swift in Sources */ = {isa = PBXBuildFile; fileRef = E9AE45AA29466FDD00162361 /* FinishGoalVC.swift */; };
		E9CA19AB293442DC009A397F /* CreateGoalVC.swift in Sources */ = {isa = PBXBuildFile; fileRef = E9CA19AA293442DC009A397F /* CreateGoalVC.swift */; };
		E9E021362933FA8C00DC7470 /* AppDelegate.swift in Sources */ = {isa = PBXBuildFile; fileRef = E9E021352933FA8C00DC7470 /* AppDelegate.swift */; };
		E9E021382933FA8C00DC7470 /* SceneDelegate.swift in Sources */ = {isa = PBXBuildFile; fileRef = E9E021372933FA8C00DC7470 /* SceneDelegate.swift */; };
		E9E0213A2933FA8C00DC7470 /* GoalsVC.swift in Sources */ = {isa = PBXBuildFile; fileRef = E9E021392933FA8C00DC7470 /* GoalsVC.swift */; };
		E9E0213D2933FA8C00DC7470 /* Main.storyboard in Resources */ = {isa = PBXBuildFile; fileRef = E9E0213B2933FA8C00DC7470 /* Main.storyboard */; };
		E9E021402933FA8C00DC7470 /* goalpost_app.xcdatamodeld in Sources */ = {isa = PBXBuildFile; fileRef = E9E0213E2933FA8C00DC7470 /* goalpost_app.xcdatamodeld */; };
		E9E021422933FA8E00DC7470 /* Assets.xcassets in Resources */ = {isa = PBXBuildFile; fileRef = E9E021412933FA8E00DC7470 /* Assets.xcassets */; };
		E9E021452933FA8E00DC7470 /* LaunchScreen.storyboard in Resources */ = {isa = PBXBuildFile; fileRef = E9E021432933FA8E00DC7470 /* LaunchScreen.storyboard */; };
		E9E02151293421B300DC7470 /* TaskCell.swift in Sources */ = {isa = PBXBuildFile; fileRef = E9E02150293421B300DC7470 /* TaskCell.swift */; };
		E9E02153293434BD00DC7470 /* TaskType.swift in Sources */ = {isa = PBXBuildFile; fileRef = E9E02152293434BD00DC7470 /* TaskType.swift */; };
		E9E1724E293EAC8D00CEA617 /* UIViewExt.swift in Sources */ = {isa = PBXBuildFile; fileRef = E9E1724D293EAC8D00CEA617 /* UIViewExt.swift */; };
/* End PBXBuildFile section */

/* Begin PBXFileReference section */
		E934673D293D3FE2008734C7 /* UIViewControllerExt.swift */ = {isa = PBXFileReference; lastKnownFileType = sourcecode.swift; path = UIViewControllerExt.swift; sourceTree = "<group>"; };
		E9AE45A8294552B900162361 /* UIButtonExt.swift */ = {isa = PBXFileReference; lastKnownFileType = sourcecode.swift; path = UIButtonExt.swift; sourceTree = "<group>"; };
		E9AE45AA29466FDD00162361 /* FinishGoalVC.swift */ = {isa = PBXFileReference; lastKnownFileType = sourcecode.swift; path = FinishGoalVC.swift; sourceTree = "<group>"; };
		E9CA19AA293442DC009A397F /* CreateGoalVC.swift */ = {isa = PBXFileReference; lastKnownFileType = sourcecode.swift; path = CreateGoalVC.swift; sourceTree = "<group>"; };
		E9E021322933FA8C00DC7470 /* goalpost-app.app */ = {isa = PBXFileReference; explicitFileType = wrapper.application; includeInIndex = 0; path = "goalpost-app.app"; sourceTree = BUILT_PRODUCTS_DIR; };
		E9E021352933FA8C00DC7470 /* AppDelegate.swift */ = {isa = PBXFileReference; lastKnownFileType = sourcecode.swift; path = AppDelegate.swift; sourceTree = "<group>"; };
		E9E021372933FA8C00DC7470 /* SceneDelegate.swift */ = {isa = PBXFileReference; lastKnownFileType = sourcecode.swift; path = SceneDelegate.swift; sourceTree = "<group>"; };
		E9E021392933FA8C00DC7470 /* GoalsVC.swift */ = {isa = PBXFileReference; lastKnownFileType = sourcecode.swift; path = GoalsVC.swift; sourceTree = "<group>"; };
		E9E0213C2933FA8C00DC7470 /* Base */ = {isa = PBXFileReference; lastKnownFileType = file.storyboard; name = Base; path = Base.lproj/Main.storyboard; sourceTree = "<group>"; };
		E9E0213F2933FA8C00DC7470 /* goalpost_app.xcdatamodel */ = {isa = PBXFileReference; lastKnownFileType = wrapper.xcdatamodel; path = goalpost_app.xcdatamodel; sourceTree = "<group>"; };
		E9E021412933FA8E00DC7470 /* Assets.xcassets */ = {isa = PBXFileReference; lastKnownFileType = folder.assetcatalog; path = Assets.xcassets; sourceTree = "<group>"; };
		E9E021442933FA8E00DC7470 /* Base */ = {isa = PBXFileReference; lastKnownFileType = file.storyboard; name = Base; path = Base.lproj/LaunchScreen.storyboard; sourceTree = "<group>"; };
		E9E021462933FA8E00DC7470 /* Info.plist */ = {isa = PBXFileReference; lastKnownFileType = text.plist.xml; path = Info.plist; sourceTree = "<group>"; };
		E9E02150293421B300DC7470 /* TaskCell.swift */ = {isa = PBXFileReference; lastKnownFileType = sourcecode.swift; path = TaskCell.swift; sourceTree = "<group>"; };
		E9E02152293434BD00DC7470 /* TaskType.swift */ = {isa = PBXFileReference; lastKnownFileType = sourcecode.swift; path = TaskType.swift; sourceTree = "<group>"; };
		E9E1724D293EAC8D00CEA617 /* UIViewExt.swift */ = {isa = PBXFileReference; lastKnownFileType = sourcecode.swift; path = UIViewExt.swift; sourceTree = "<group>"; };
/* End PBXFileReference section */

/* Begin PBXFrameworksBuildPhase section */
		E9E0212F2933FA8C00DC7470 /* Frameworks */ = {
			isa = PBXFrameworksBuildPhase;
			buildActionMask = 2147483647;
			files = (
			);
			runOnlyForDeploymentPostprocessing = 0;
		};
/* End PBXFrameworksBuildPhase section */

/* Begin PBXGroup section */
		E9E021292933FA8C00DC7470 = {
			isa = PBXGroup;
			children = (
				E9E021342933FA8C00DC7470 /* goalpost-app */,
				E9E021332933FA8C00DC7470 /* Products */,
			);
			sourceTree = "<group>";
		};
		E9E021332933FA8C00DC7470 /* Products */ = {
			isa = PBXGroup;
			children = (
				E9E021322933FA8C00DC7470 /* goalpost-app.app */,
			);
			name = Products;
			sourceTree = "<group>";
		};
		E9E021342933FA8C00DC7470 /* goalpost-app */ = {
			isa = PBXGroup;
			children = (
				E9E0214F2933FBB300DC7470 /* Views */,
				E9E0214E2933FBA300DC7470 /* Extensions */,
				E9E0214D2933FB9E00DC7470 /* Enum */,
				E9E0214C2933FB8800DC7470 /* Controller */,
				E9E021352933FA8C00DC7470 /* AppDelegate.swift */,
				E9E021372933FA8C00DC7470 /* SceneDelegate.swift */,
				E9E0213B2933FA8C00DC7470 /* Main.storyboard */,
				E9E021412933FA8E00DC7470 /* Assets.xcassets */,
				E9E021432933FA8E00DC7470 /* LaunchScreen.storyboard */,
				E9E021462933FA8E00DC7470 /* Info.plist */,
				E9E0213E2933FA8C00DC7470 /* goalpost_app.xcdatamodeld */,
			);
			path = "goalpost-app";
			sourceTree = "<group>";
		};
		E9E0214C2933FB8800DC7470 /* Controller */ = {
			isa = PBXGroup;
			children = (
				E9E021392933FA8C00DC7470 /* GoalsVC.swift */,
				E9CA19AA293442DC009A397F /* CreateGoalVC.swift */,
				E9AE45AA29466FDD00162361 /* FinishGoalVC.swift */,
			);
			path = Controller;
			sourceTree = "<group>";
		};
		E9E0214D2933FB9E00DC7470 /* Enum */ = {
			isa = PBXGroup;
			children = (
				E9E02152293434BD00DC7470 /* TaskType.swift */,
			);
			path = Enum;
			sourceTree = "<group>";
		};
		E9E0214E2933FBA300DC7470 /* Extensions */ = {
			isa = PBXGroup;
			children = (
				E934673D293D3FE2008734C7 /* UIViewControllerExt.swift */,
				E9E1724D293EAC8D00CEA617 /* UIViewExt.swift */,
				E9AE45A8294552B900162361 /* UIButtonExt.swift */,
			);
			path = Extensions;
			sourceTree = "<group>";
		};
		E9E0214F2933FBB300DC7470 /* Views */ = {
			isa = PBXGroup;
			children = (
				E9E02150293421B300DC7470 /* TaskCell.swift */,
			);
			path = Views;
			sourceTree = "<group>";
		};
/* End PBXGroup section */

/* Begin PBXNativeTarget section */
		E9E021312933FA8C00DC7470 /* goalpost-app */ = {
			isa = PBXNativeTarget;
			buildConfigurationList = E9E021492933FA8E00DC7470 /* Build configuration list for PBXNativeTarget "goalpost-app" */;
			buildPhases = (
				E9E0212E2933FA8C00DC7470 /* Sources */,
				E9E0212F2933FA8C00DC7470 /* Frameworks */,
				E9E021302933FA8C00DC7470 /* Resources */,
			);
			buildRules = (
			);
			dependencies = (
			);
			name = "goalpost-app";
			productName = "goalpost-app";
			productReference = E9E021322933FA8C00DC7470 /* goalpost-app.app */;
			productType = "com.apple.product-type.application";
		};
/* End PBXNativeTarget section */

/* Begin PBXProject section */
		E9E0212A2933FA8C00DC7470 /* Project object */ = {
			isa = PBXProject;
			attributes = {
				BuildIndependentTargetsInParallel = 1;
				LastSwiftUpdateCheck = 1400;
				LastUpgradeCheck = 1400;
				TargetAttributes = {
					E9E021312933FA8C00DC7470 = {
						CreatedOnToolsVersion = 14.0;
					};
				};
			};
			buildConfigurationList = E9E0212D2933FA8C00DC7470 /* Build configuration list for PBXProject "goalpost-app" */;
			compatibilityVersion = "Xcode 14.0";
			developmentRegion = en;
			hasScannedForEncodings = 0;
			knownRegions = (
				en,
				Base,
			);
			mainGroup = E9E021292933FA8C00DC7470;
			productRefGroup = E9E021332933FA8C00DC7470 /* Products */;
			projectDirPath = "";
			projectRoot = "";
			targets = (
				E9E021312933FA8C00DC7470 /* goalpost-app */,
			);
		};
/* End PBXProject section */

/* Begin PBXResourcesBuildPhase section */
		E9E021302933FA8C00DC7470 /* Resources */ = {
			isa = PBXResourcesBuildPhase;
			buildActionMask = 2147483647;
			files = (
				E9E021452933FA8E00DC7470 /* LaunchScreen.storyboard in Resources */,
				E9E021422933FA8E00DC7470 /* Assets.xcassets in Resources */,
				E9E0213D2933FA8C00DC7470 /* Main.storyboard in Resources */,
			);
			runOnlyForDeploymentPostprocessing = 0;
		};
/* End PBXResourcesBuildPhase section */

/* Begin PBXSourcesBuildPhase section */
		E9E0212E2933FA8C00DC7470 /* Sources */ = {
			isa = PBXSourcesBuildPhase;
			buildActionMask = 2147483647;
			files = (
				E9E1724E293EAC8D00CEA617 /* UIViewExt.swift in Sources */,
				E9AE45A9294552B900162361 /* UIButtonExt.swift in Sources */,
				E9E0213A2933FA8C00DC7470 /* GoalsVC.swift in Sources */,
				E9E021362933FA8C00DC7470 /* AppDelegate.swift in Sources */,
				E934673E293D3FE2008734C7 /* UIViewControllerExt.swift in Sources */,
				E9AE45AB29466FDD00162361 /* FinishGoalVC.swift in Sources */,
				E9E021402933FA8C00DC7470 /* goalpost_app.xcdatamodeld in Sources */,
				E9E021382933FA8C00DC7470 /* SceneDelegate.swift in Sources */,
				E9CA19AB293442DC009A397F /* CreateGoalVC.swift in Sources */,
				E9E02153293434BD00DC7470 /* TaskType.swift in Sources */,
				E9E02151293421B300DC7470 /* TaskCell.swift in Sources */,
			);
			runOnlyForDeploymentPostprocessing = 0;
		};
/* End PBXSourcesBuildPhase section */

/* Begin PBXVariantGroup section */
		E9E0213B2933FA8C00DC7470 /* Main.storyboard */ = {
			isa = PBXVariantGroup;
			children = (
				E9E0213C2933FA8C00DC7470 /* Base */,
			);
			name = Main.storyboard;
			sourceTree = "<group>";
		};
		E9E021432933FA8E00DC7470 /* LaunchScreen.storyboard */ = {
			isa = PBXVariantGroup;
			children = (
				E9E021442933FA8E00DC7470 /* Base */,
			);
			name = LaunchScreen.storyboard;
			sourceTree = "<group>";
		};
/* End PBXVariantGroup section */

/* Begin XCBuildConfiguration section */
		E9E021472933FA8E00DC7470 /* Debug */ = {
			isa = XCBuildConfiguration;
			buildSettings = {
				ALWAYS_SEARCH_USER_PATHS = NO;
				CLANG_ANALYZER_NONNULL = YES;
				CLANG_ANALYZER_NUMBER_OBJECT_CONVERSION = YES_AGGRESSIVE;
				CLANG_CXX_LANGUAGE_STANDARD = "gnu++20";
				CLANG_ENABLE_MODULES = YES;
				CLANG_ENABLE_OBJC_ARC = YES;
				CLANG_ENABLE_OBJC_WEAK = YES;
				CLANG_WARN_BLOCK_CAPTURE_AUTORELEASING = YES;
				CLANG_WARN_BOOL_CONVERSION = YES;
				CLANG_WARN_COMMA = YES;
				CLANG_WARN_CONSTANT_CONVERSION = YES;
				CLANG_WARN_DEPRECATED_OBJC_IMPLEMENTATIONS = YES;
				CLANG_WARN_DIRECT_OBJC_ISA_USAGE = YES_ERROR;
				CLANG_WARN_DOCUMENTATION_COMMENTS = YES;
				CLANG_WARN_EMPTY_BODY = YES;
				CLANG_WARN_ENUM_CONVERSION = YES;
				CLANG_WARN_INFINITE_RECURSION = YES;
				CLANG_WARN_INT_CONVERSION = YES;
				CLANG_WARN_NON_LITERAL_NULL_CONVERSION = YES;
				CLANG_WARN_OBJC_IMPLICIT_RETAIN_SELF = YES;
				CLANG_WARN_OBJC_LITERAL_CONVERSION = YES;
				CLANG_WARN_OBJC_ROOT_CLASS = YES_ERROR;
				CLANG_WARN_QUOTED_INCLUDE_IN_FRAMEWORK_HEADER = YES;
				CLANG_WARN_RANGE_LOOP_ANALYSIS = YES;
				CLANG_WARN_STRICT_PROTOTYPES = YES;
				CLANG_WARN_SUSPICIOUS_MOVE = YES;
				CLANG_WARN_UNGUARDED_AVAILABILITY = YES_AGGRESSIVE;
				CLANG_WARN_UNREACHABLE_CODE = YES;
				CLANG_WARN__DUPLICATE_METHOD_MATCH = YES;
				COPY_PHASE_STRIP = NO;
				DEBUG_INFORMATION_FORMAT = dwarf;
				ENABLE_STRICT_OBJC_MSGSEND = YES;
				ENABLE_TESTABILITY = YES;
				GCC_C_LANGUAGE_STANDARD = gnu11;
				GCC_DYNAMIC_NO_PIC = NO;
				GCC_NO_COMMON_BLOCKS = YES;
				GCC_OPTIMIZATION_LEVEL = 0;
				GCC_PREPROCESSOR_DEFINITIONS = (
					"DEBUG=1",
					"$(inherited)",
				);
				GCC_WARN_64_TO_32_BIT_CONVERSION = YES;
				GCC_WARN_ABOUT_RETURN_TYPE = YES_ERROR;
				GCC_WARN_UNDECLARED_SELECTOR = YES;
				GCC_WARN_UNINITIALIZED_AUTOS = YES_AGGRESSIVE;
				GCC_WARN_UNUSED_FUNCTION = YES;
				GCC_WARN_UNUSED_VARIABLE = YES;
				IPHONEOS_DEPLOYMENT_TARGET = 16.0;
				MTL_ENABLE_DEBUG_INFO = INCLUDE_SOURCE;
				MTL_FAST_MATH = YES;
				ONLY_ACTIVE_ARCH = YES;
				SDKROOT = iphoneos;
				SWIFT_ACTIVE_COMPILATION_CONDITIONS = DEBUG;
				SWIFT_OPTIMIZATION_LEVEL = "-Onone";
			};
			name = Debug;
		};
		E9E021482933FA8E00DC7470 /* Release */ = {
			isa = XCBuildConfiguration;
			buildSettings = {
				ALWAYS_SEARCH_USER_PATHS = NO;
				CLANG_ANALYZER_NONNULL = YES;
				CLANG_ANALYZER_NUMBER_OBJECT_CONVERSION = YES_AGGRESSIVE;
				CLANG_CXX_LANGUAGE_STANDARD = "gnu++20";
				CLANG_ENABLE_MODULES = YES;
				CLANG_ENABLE_OBJC_ARC = YES;
				CLANG_ENABLE_OBJC_WEAK = YES;
				CLANG_WARN_BLOCK_CAPTURE_AUTORELEASING = YES;
				CLANG_WARN_BOOL_CONVERSION = YES;
				CLANG_WARN_COMMA = YES;
				CLANG_WARN_CONSTANT_CONVERSION = YES;
				CLANG_WARN_DEPRECATED_OBJC_IMPLEMENTATIONS = YES;
				CLANG_WARN_DIRECT_OBJC_ISA_USAGE = YES_ERROR;
				CLANG_WARN_DOCUMENTATION_COMMENTS = YES;
				CLANG_WARN_EMPTY_BODY = YES;
				CLANG_WARN_ENUM_CONVERSION = YES;
				CLANG_WARN_INFINITE_RECURSION = YES;
				CLANG_WARN_INT_CONVERSION = YES;
				CLANG_WARN_NON_LITERAL_NULL_CONVERSION = YES;
				CLANG_WARN_OBJC_IMPLICIT_RETAIN_SELF = YES;
				CLANG_WARN_OBJC_LITERAL_CONVERSION = YES;
				CLANG_WARN_OBJC_ROOT_CLASS = YES_ERROR;
				CLANG_WARN_QUOTED_INCLUDE_IN_FRAMEWORK_HEADER = YES;
				CLANG_WARN_RANGE_LOOP_ANALYSIS = YES;
				CLANG_WARN_STRICT_PROTOTYPES = YES;
				CLANG_WARN_SUSPICIOUS_MOVE = YES;
				CLANG_WARN_UNGUARDED_AVAILABILITY = YES_AGGRESSIVE;
				CLANG_WARN_UNREACHABLE_CODE = YES;
				CLANG_WARN__DUPLICATE_METHOD_MATCH = YES;
				COPY_PHASE_STRIP = NO;
				DEBUG_INFORMATION_FORMAT = "dwarf-with-dsym";
				ENABLE_NS_ASSERTIONS = NO;
				ENABLE_STRICT_OBJC_MSGSEND = YES;
				GCC_C_LANGUAGE_STANDARD = gnu11;
				GCC_NO_COMMON_BLOCKS = YES;
				GCC_WARN_64_TO_32_BIT_CONVERSION = YES;
				GCC_WARN_ABOUT_RETURN_TYPE = YES_ERROR;
				GCC_WARN_UNDECLARED_SELECTOR = YES;
				GCC_WARN_UNINITIALIZED_AUTOS = YES_AGGRESSIVE;
				GCC_WARN_UNUSED_FUNCTION = YES;
				GCC_WARN_UNUSED_VARIABLE = YES;
				IPHONEOS_DEPLOYMENT_TARGET = 16.0;
				MTL_ENABLE_DEBUG_INFO = NO;
				MTL_FAST_MATH = YES;
				SDKROOT = iphoneos;
				SWIFT_COMPILATION_MODE = wholemodule;
				SWIFT_OPTIMIZATION_LEVEL = "-O";
				VALIDATE_PRODUCT = YES;
			};
			name = Release;
		};
		E9E0214A2933FA8E00DC7470 /* Debug */ = {
			isa = XCBuildConfiguration;
			buildSettings = {
				ASSETCATALOG_COMPILER_APPICON_NAME = AppIcon;
				ASSETCATALOG_COMPILER_GLOBAL_ACCENT_COLOR_NAME = AccentColor;
				CODE_SIGN_STYLE = Automatic;
				CURRENT_PROJECT_VERSION = 1;
				DEVELOPMENT_TEAM = W4WBD35M9P;
				GENERATE_INFOPLIST_FILE = YES;
				INFOPLIST_FILE = "goalpost-app/Info.plist";
				INFOPLIST_KEY_UIApplicationSupportsIndirectInputEvents = YES;
				INFOPLIST_KEY_UILaunchStoryboardName = LaunchScreen;
				INFOPLIST_KEY_UIMainStoryboardFile = Main;
				INFOPLIST_KEY_UISupportedInterfaceOrientations_iPad = "UIInterfaceOrientationPortrait UIInterfaceOrientationPortraitUpsideDown UIInterfaceOrientationLandscapeLeft UIInterfaceOrientationLandscapeRight";
				INFOPLIST_KEY_UISupportedInterfaceOrientations_iPhone = "UIInterfaceOrientationPortrait UIInterfaceOrientationLandscapeLeft UIInterfaceOrientationLandscapeRight";
				LD_RUNPATH_SEARCH_PATHS = (
					"$(inherited)",
					"@executable_path/Frameworks",
				);
				MARKETING_VERSION = 1.0;
				PRODUCT_BUNDLE_IDENTIFIER = "pylo-andriy.goalpost-app";
				PRODUCT_NAME = "$(TARGET_NAME)";
				SWIFT_EMIT_LOC_STRINGS = YES;
				SWIFT_VERSION = 5.0;
				TARGETED_DEVICE_FAMILY = "1,2";
			};
			name = Debug;
		};
		E9E0214B2933FA8E00DC7470 /* Release */ = {
			isa = XCBuildConfiguration;
			buildSettings = {
				ASSETCATALOG_COMPILER_APPICON_NAME = AppIcon;
				ASSETCATALOG_COMPILER_GLOBAL_ACCENT_COLOR_NAME = AccentColor;
				CODE_SIGN_STYLE = Automatic;
				CURRENT_PROJECT_VERSION = 1;
				DEVELOPMENT_TEAM = W4WBD35M9P;
				GENERATE_INFOPLIST_FILE = YES;
				INFOPLIST_FILE = "goalpost-app/Info.plist";
				INFOPLIST_KEY_UIApplicationSupportsIndirectInputEvents = YES;
				INFOPLIST_KEY_UILaunchStoryboardName = LaunchScreen;
				INFOPLIST_KEY_UIMainStoryboardFile = Main;
				INFOPLIST_KEY_UISupportedInterfaceOrientations_iPad = "UIInterfaceOrientationPortrait UIInterfaceOrientationPortraitUpsideDown UIInterfaceOrientationLandscapeLeft UIInterfaceOrientationLandscapeRight";
				INFOPLIST_KEY_UISupportedInterfaceOrientations_iPhone = "UIInterfaceOrientationPortrait UIInterfaceOrientationLandscapeLeft UIInterfaceOrientationLandscapeRight";
				LD_RUNPATH_SEARCH_PATHS = (
					"$(inherited)",
					"@executable_path/Frameworks",
				);
				MARKETING_VERSION = 1.0;
				PRODUCT_BUNDLE_IDENTIFIER = "pylo-andriy.goalpost-app";
				PRODUCT_NAME = "$(TARGET_NAME)";
				SWIFT_EMIT_LOC_STRINGS = YES;
				SWIFT_VERSION = 5.0;
				TARGETED_DEVICE_FAMILY = "1,2";
			};
			name = Release;
		};
/* End XCBuildConfiguration section */

/* Begin XCConfigurationList section */
		E9E0212D2933FA8C00DC7470 /* Build configuration list for PBXProject "goalpost-app" */ = {
			isa = XCConfigurationList;
			buildConfigurations = (
				E9E021472933FA8E00DC7470 /* Debug */,
				E9E021482933FA8E00DC7470 /* Release */,
			);
			defaultConfigurationIsVisible = 0;
			defaultConfigurationName = Release;
		};
		E9E021492933FA8E00DC7470 /* Build configuration list for PBXNativeTarget "goalpost-app" */ = {
			isa = XCConfigurationList;
			buildConfigurations = (
				E9E0214A2933FA8E00DC7470 /* Debug */,
				E9E0214B2933FA8E00DC7470 /* Release */,
			);
			defaultConfigurationIsVisible = 0;
			defaultConfigurationName = Release;
		};
/* End XCConfigurationList section */

/* Begin XCVersionGroup section */
		E9E0213E2933FA8C00DC7470 /* goalpost_app.xcdatamodeld */ = {
			isa = XCVersionGroup;
			children = (
				E9E0213F2933FA8C00DC7470 /* goalpost_app.xcdatamodel */,
			);
			currentVersion = E9E0213F2933FA8C00DC7470 /* goalpost_app.xcdatamodel */;
			path = goalpost_app.xcdatamodeld;
			sourceTree = "<group>";
			versionGroupType = wrapper.xcdatamodel;
		};
/* End XCVersionGroup section */
	};
	rootObject = E9E0212A2933FA8C00DC7470 /* Project object */;
}
